
Microsoft Visual Studio Solution File, Format Version 12.00
# Visual Studio Version 17
VisualStudioVersion = 17.9.34607.119
MinimumVisualStudioVersion = 10.0.40219.1
Project("{FAE04EC0-301F-11D3-BF4B-00C04F79EFBC}") = "ReactApp1.Server", "ReactApp1.Server\ReactApp1.Server.csproj", "{1DE05E33-7EF4-441C-B8F5-2EDC5DA530D5}"
EndProject
Project("{54A90642-561A-4BB1-A94E-469ADEE60C69}") = "reactapp1.client", "reactapp1.client\reactapp1.client.esproj", "{07581789-9EAE-4BFC-A37B-9D0BF05A7EF7}"
EndProject
Global
	GlobalSection(SolutionConfigurationPlatforms) = preSolution
		Debug|Any CPU = Debug|Any CPU
		Release|Any CPU = Release|Any CPU
	EndGlobalSection
	GlobalSection(ProjectConfigurationPlatforms) = postSolution
		{1DE05E33-7EF4-441C-B8F5-2EDC5DA530D5}.Debug|Any CPU.ActiveCfg = Debug|Any CPU
		{1DE05E33-7EF4-441C-B8F5-2EDC5DA530D5}.Debug|Any CPU.Build.0 = Debug|Any CPU
		{1DE05E33-7EF4-441C-B8F5-2EDC5DA530D5}.Release|Any CPU.ActiveCfg = Release|Any CPU
		{1DE05E33-7EF4-441C-B8F5-2EDC5DA530D5}.Release|Any CPU.Build.0 = Release|Any CPU
		{07581789-9EAE-4BFC-A37B-9D0BF05A7EF7}.Debug|Any CPU.ActiveCfg = Debug|Any CPU
		{07581789-9EAE-4BFC-A37B-9D0BF05A7EF7}.Debug|Any CPU.Build.0 = Debug|Any CPU
		{07581789-9EAE-4BFC-A37B-9D0BF05A7EF7}.Debug|Any CPU.Deploy.0 = Debug|Any CPU
		{07581789-9EAE-4BFC-A37B-9D0BF05A7EF7}.Release|Any CPU.ActiveCfg = Release|Any CPU
		{07581789-9EAE-4BFC-A37B-9D0BF05A7EF7}.Release|Any CPU.Build.0 = Release|Any CPU
		{07581789-9EAE-4BFC-A37B-9D0BF05A7EF7}.Release|Any CPU.Deploy.0 = Release|Any CPU
	EndGlobalSection
	GlobalSection(SolutionProperties) = preSolution
		HideSolutionNode = FALSE
	EndGlobalSection
	GlobalSection(ExtensibilityGlobals) = postSolution
		SolutionGuid = {506EAA79-9554-4176-91F3-31B2D96EE8DC}
	EndGlobalSection
EndGlobal
